
Microsoft Visual Studio Solution File, Format Version 12.00
# Visual Studio Version 17
VisualStudioVersion = 17.11.35327.3
MinimumVisualStudioVersion = 10.0.40219.1
Project("{FAE04EC0-301F-11D3-BF4B-00C04F79EFBC}") = "SOLID Principle", "SOLID Principle\SOLID Principle.csproj", "{188B63A8-5AB4-4637-9D72-D860DE82C8CB}"
EndProject
Global
	GlobalSection(SolutionConfigurationPlatforms) = preSolution
		Debug|Any CPU = Debug|Any CPU
		Release|Any CPU = Release|Any CPU
	EndGlobalSection
	GlobalSection(ProjectConfigurationPlatforms) = postSolution
		{188B63A8-5AB4-4637-9D72-D860DE82C8CB}.Debug|Any CPU.ActiveCfg = Debug|Any CPU
		{188B63A8-5AB4-4637-9D72-D860DE82C8CB}.Debug|Any CPU.Build.0 = Debug|Any CPU
		{188B63A8-5AB4-4637-9D72-D860DE82C8CB}.Release|Any CPU.ActiveCfg = Release|Any CPU
		{188B63A8-5AB4-4637-9D72-D860DE82C8CB}.Release|Any CPU.Build.0 = Release|Any CPU
	EndGlobalSection
	GlobalSection(SolutionProperties) = preSolution
		HideSolutionNode = FALSE
	EndGlobalSection
	GlobalSection(ExtensibilityGlobals) = postSolution
		SolutionGuid = {2DE741E5-F88D-4BD1-974E-EF70B41AFCE2}
	EndGlobalSection
EndGlobal
